
Microsoft Visual Studio Solution File, Format Version 12.00
# Visual Studio Version 17
VisualStudioVersion = 17.3.32922.545
MinimumVisualStudioVersion = 10.0.40219.1
Project("{9A19103F-16F7-4668-BE54-9A1E7A4F7556}") = "OA.Data", "OA.Data\OA.Data.csproj", "{BAB6E063-6D8B-44CD-8222-6378BAEC5E6B}"
EndProject
Project("{9A19103F-16F7-4668-BE54-9A1E7A4F7556}") = "OA.Repository", "OA.Repository\OA.Repository.csproj", "{7A4317C4-04A1-47A4-89B3-6BD759FB11FE}"
EndProject
Project("{9A19103F-16F7-4668-BE54-9A1E7A4F7556}") = "OA.Service", "OA.Service\OA.Service.csproj", "{EC75778B-140D-43CC-B54B-B8358167D87E}"
EndProject
Project("{9A19103F-16F7-4668-BE54-9A1E7A4F7556}") = "Onion-Architecture", "Onion-Architecture\Onion-Architecture.csproj", "{CFAA5BF0-FE9D-4B00-AE10-52807ECF69D6}"
EndProject
Global
	GlobalSection(SolutionConfigurationPlatforms) = preSolution
		Debug|Any CPU = Debug|Any CPU
		Release|Any CPU = Release|Any CPU
	EndGlobalSection
	GlobalSection(ProjectConfigurationPlatforms) = postSolution
		{BAB6E063-6D8B-44CD-8222-6378BAEC5E6B}.Debug|Any CPU.ActiveCfg = Debug|Any CPU
		{BAB6E063-6D8B-44CD-8222-6378BAEC5E6B}.Debug|Any CPU.Build.0 = Debug|Any CPU
		{BAB6E063-6D8B-44CD-8222-6378BAEC5E6B}.Release|Any CPU.ActiveCfg = Release|Any CPU
		{BAB6E063-6D8B-44CD-8222-6378BAEC5E6B}.Release|Any CPU.Build.0 = Release|Any CPU
		{7A4317C4-04A1-47A4-89B3-6BD759FB11FE}.Debug|Any CPU.ActiveCfg = Debug|Any CPU
		{7A4317C4-04A1-47A4-89B3-6BD759FB11FE}.Debug|Any CPU.Build.0 = Debug|Any CPU
		{7A4317C4-04A1-47A4-89B3-6BD759FB11FE}.Release|Any CPU.ActiveCfg = Release|Any CPU
		{7A4317C4-04A1-47A4-89B3-6BD759FB11FE}.Release|Any CPU.Build.0 = Release|Any CPU
		{EC75778B-140D-43CC-B54B-B8358167D87E}.Debug|Any CPU.ActiveCfg = Debug|Any CPU
		{EC75778B-140D-43CC-B54B-B8358167D87E}.Debug|Any CPU.Build.0 = Debug|Any CPU
		{EC75778B-140D-43CC-B54B-B8358167D87E}.Release|Any CPU.ActiveCfg = Release|Any CPU
		{EC75778B-140D-43CC-B54B-B8358167D87E}.Release|Any CPU.Build.0 = Release|Any CPU
		{CFAA5BF0-FE9D-4B00-AE10-52807ECF69D6}.Debug|Any CPU.ActiveCfg = Debug|Any CPU
		{CFAA5BF0-FE9D-4B00-AE10-52807ECF69D6}.Debug|Any CPU.Build.0 = Debug|Any CPU
		{CFAA5BF0-FE9D-4B00-AE10-52807ECF69D6}.Release|Any CPU.ActiveCfg = Release|Any CPU
		{CFAA5BF0-FE9D-4B00-AE10-52807ECF69D6}.Release|Any CPU.Build.0 = Release|Any CPU
	EndGlobalSection
	GlobalSection(SolutionProperties) = preSolution
		HideSolutionNode = FALSE
	EndGlobalSection
	GlobalSection(ExtensibilityGlobals) = postSolution
		SolutionGuid = {489CD0DF-8759-44F7-AC0A-A150BF24479E}
	EndGlobalSection
EndGlobal
